{
  "nodes": {
    "beads": {
      "inputs": {
        "nixpkgs": "nixpkgs"
      },
      "locked": {
        "lastModified": 1772755225,
        "narHash": "sha256-IyO0RWP98NQ8GHVsolhu80FS06aqrZjg0JprDiFdyCk=",
        "owner": "steveyegge",
        "repo": "beads",
        "rev": "018d18e013641e811483cb990243b774d04561d8",
        "type": "github"
      },
      "original": {
        "owner": "steveyegge",
        "ref": "v0.59.0",
        "repo": "beads",
        "type": "github"
      }
    },
    "nixpkgs": {
      "locked": {
        "lastModified": 1772465433,
        "narHash": "sha256-ywy9troNEfpgh0Ee+zaV1UTgU8kYBVKtvPSxh6clYGU=",
        "owner": "NixOS",
        "repo": "nixpkgs",
        "rev": "c581273b8d5bdf1c6ce7e0a54da9841e6a763913",
        "type": "github"
      },
      "original": {
        "owner": "NixOS",
        "ref": "nixos-25.11",
        "repo": "nixpkgs",
        "type": "github"
      }
    },
    "nixpkgs_2": {
      "locked": {
        "lastModified": 1773068389,
        "narHash": "sha256-vMrm7Pk2hjBRPnCSjhq1pH0bg350Z+pXhqZ9ICiqqCs=",
        "owner": "NixOS",
        "repo": "nixpkgs",
        "rev": "44bae273f9f82d480273bab26f5c50de3724f52f",
        "type": "github"
      },
      "original": {
        "owner": "NixOS",
        "ref": "nixos-25.11",
        "repo": "nixpkgs",
        "type": "github"
      }
    },
    "root": {
      "inputs": {
        "beads": "beads",
        "nixpkgs": "nixpkgs_2"
      }
    }
  },
  "root": "root",
  "version": 7
}
